
Microsoft Visual Studio Solution File, Format Version 12.00
# Visual Studio Version 16
VisualStudioVersion = 16.0.30907.101
MinimumVisualStudioVersion = 10.0.40219.1
Project("{8BC9CEB8-8B4A-11D0-8D11-00A0C91BC942}") = "SatSolver", "SatSolver.vcxproj", "{D3BA5732-B04C-46E5-B5B3-EE5436084BAD}"
EndProject
Global
	GlobalSection(SolutionConfigurationPlatforms) = preSolution
		Debug|x64 = Debug|x64
		Debug|x86 = Debug|x86
		Release|x64 = Release|x64
		Release|x86 = Release|x86
	EndGlobalSection
	GlobalSection(ProjectConfigurationPlatforms) = postSolution
		{D3BA5732-B04C-46E5-B5B3-EE5436084BAD}.Debug|x64.ActiveCfg = Debug|x64
		{D3BA5732-B04C-46E5-B5B3-EE5436084BAD}.Debug|x64.Build.0 = Debug|x64
		{D3BA5732-B04C-46E5-B5B3-EE5436084BAD}.Debug|x86.ActiveCfg = Debug|Win32
		{D3BA5732-B04C-46E5-B5B3-EE5436084BAD}.Debug|x86.Build.0 = Debug|Win32
		{D3BA5732-B04C-46E5-B5B3-EE5436084BAD}.Release|x64.ActiveCfg = Release|x64
		{D3BA5732-B04C-46E5-B5B3-EE5436084BAD}.Release|x64.Build.0 = Release|x64
		{D3BA5732-B04C-46E5-B5B3-EE5436084BAD}.Release|x86.ActiveCfg = Release|Win32
		{D3BA5732-B04C-46E5-B5B3-EE5436084BAD}.Release|x86.Build.0 = Release|Win32
	EndGlobalSection
	GlobalSection(SolutionProperties) = preSolution
		HideSolutionNode = FALSE
	EndGlobalSection
	GlobalSection(ExtensibilityGlobals) = postSolution
		SolutionGuid = {1BAAC183-1D79-4FA7-B584-A5A096F33E45}
	EndGlobalSection
EndGlobal
